
Microsoft Visual Studio Solution File, Format Version 12.00
# Visual Studio Version 17
VisualStudioVersion = 17.0.31919.166
MinimumVisualStudioVersion = 10.0.40219.1
Project("{888888A0-9F3D-457C-B088-3A5042F75D52}") = "Dynamic_Program", "Dynamic_Program\Dynamic_Program.pyproj", "{83AFFB2B-1E52-4DED-B256-2B7B92151AA8}"
EndProject
Global
	GlobalSection(SolutionConfigurationPlatforms) = preSolution
		Debug|Any CPU = Debug|Any CPU
		Release|Any CPU = Release|Any CPU
	EndGlobalSection
	GlobalSection(ProjectConfigurationPlatforms) = postSolution
		{83AFFB2B-1E52-4DED-B256-2B7B92151AA8}.Debug|Any CPU.ActiveCfg = Debug|Any CPU
		{83AFFB2B-1E52-4DED-B256-2B7B92151AA8}.Release|Any CPU.ActiveCfg = Release|Any CPU
	EndGlobalSection
	GlobalSection(SolutionProperties) = preSolution
		HideSolutionNode = FALSE
	EndGlobalSection
	GlobalSection(ExtensibilityGlobals) = postSolution
		SolutionGuid = {5A4BE231-CC68-40C4-9F86-39FDC1295909}
	EndGlobalSection
EndGlobal
